
Microsoft Visual Studio Solution File, Format Version 12.00
# Visual Studio 2013
VisualStudioVersion = 12.0.30723.0
MinimumVisualStudioVersion = 10.0.40219.1
Project("{E24C65DC-7377-472B-9ABA-BC803B73C61A}") = "Lab1WebSite", "http://localhost:16745", "{5DA88EFD-F0F7-4E72-873F-B04F6A4CE14B}"
	ProjectSection(WebsiteProperties) = preProject
		UseIISExpress = "true"
		TargetFrameworkMoniker = ".NETFramework,Version%3Dv4.5.1"
		ProjectReferences = "{5a93a843-00c5-48b5-ab0f-087ec4ef1d86}|BigNumbersLibrary.dll;"
		Debug.AspNetCompiler.VirtualPath = "/localhost_16745"
		Debug.AspNetCompiler.PhysicalPath = "..\..\WebSites\Lab1WebSite\"
		Debug.AspNetCompiler.TargetPath = "PrecompiledWeb\localhost_16745\"
		Debug.AspNetCompiler.Updateable = "true"
		Debug.AspNetCompiler.ForceOverwrite = "true"
		Debug.AspNetCompiler.FixedNames = "false"
		Debug.AspNetCompiler.Debug = "True"
		Release.AspNetCompiler.VirtualPath = "/localhost_16745"
		Release.AspNetCompiler.PhysicalPath = "..\..\WebSites\Lab1WebSite\"
		Release.AspNetCompiler.TargetPath = "PrecompiledWeb\localhost_16745\"
		Release.AspNetCompiler.Updateable = "true"
		Release.AspNetCompiler.ForceOverwrite = "true"
		Release.AspNetCompiler.FixedNames = "false"
		Release.AspNetCompiler.Debug = "False"
		SlnRelativePath = "..\..\WebSites\Lab1WebSite\"
		DefaultWebSiteLanguage = "Visual C#"
	EndProjectSection
EndProject
Project("{FAE04EC0-301F-11D3-BF4B-00C04F79EFBC}") = "BigNumbersLibrary", "..\..\WebSites\Lab1WebSite\BigNumbersLibrary\BigNumbersLibrary.csproj", "{5A93A843-00C5-48B5-AB0F-087EC4EF1D86}"
EndProject
Global
	GlobalSection(SolutionConfigurationPlatforms) = preSolution
		Debug|Any CPU = Debug|Any CPU
		Release|Any CPU = Release|Any CPU
	EndGlobalSection
	GlobalSection(ProjectConfigurationPlatforms) = postSolution
		{5DA88EFD-F0F7-4E72-873F-B04F6A4CE14B}.Debug|Any CPU.ActiveCfg = Debug|Any CPU
		{5DA88EFD-F0F7-4E72-873F-B04F6A4CE14B}.Debug|Any CPU.Build.0 = Debug|Any CPU
		{5DA88EFD-F0F7-4E72-873F-B04F6A4CE14B}.Release|Any CPU.ActiveCfg = Debug|Any CPU
		{5DA88EFD-F0F7-4E72-873F-B04F6A4CE14B}.Release|Any CPU.Build.0 = Debug|Any CPU
		{5A93A843-00C5-48B5-AB0F-087EC4EF1D86}.Debug|Any CPU.ActiveCfg = Debug|Any CPU
		{5A93A843-00C5-48B5-AB0F-087EC4EF1D86}.Debug|Any CPU.Build.0 = Debug|Any CPU
		{5A93A843-00C5-48B5-AB0F-087EC4EF1D86}.Release|Any CPU.ActiveCfg = Release|Any CPU
		{5A93A843-00C5-48B5-AB0F-087EC4EF1D86}.Release|Any CPU.Build.0 = Release|Any CPU
	EndGlobalSection
	GlobalSection(SolutionProperties) = preSolution
		HideSolutionNode = FALSE
	EndGlobalSection
EndGlobal
